// !$*UTF8*$!
{
	archiveVersion = 1;
	classes = {
	};
	objectVersion = 46;
	objects = {

/* Begin PBXBuildFile section */
		656D4CE21A48D9E200A999E5 /* AppDelegate.m in Sources */ = {isa = PBXBuildFile; fileRef = 656D4CE11A48D9E200A999E5 /* AppDelegate.m */; };
		656D4CE41A48D9E200A999E5 /* main.m in Sources */ = {isa = PBXBuildFile; fileRef = 656D4CE31A48D9E200A999E5 /* main.m */; };
		656D4CE61A48D9E200A999E5 /* Images.xcassets in Resources */ = {isa = PBXBuildFile; fileRef = 656D4CE51A48D9E200A999E5 /* Images.xcassets */; };
		656D4CE91A48D9E300A999E5 /* MainMenu.xib in Resources */ = {isa = PBXBuildFile; fileRef = 656D4CE71A48D9E300A999E5 /* MainMenu.xib */; };
		656D4CF51A48D9E300A999E5 /* APKetTests.m in Sources */ = {isa = PBXBuildFile; fileRef = 656D4CF41A48D9E300A999E5 /* APKetTests.m */; };
/* End PBXBuildFile section */

/* Begin PBXContainerItemProxy section */
		656D4CEF1A48D9E300A999E5 /* PBXContainerItemProxy */ = {
			isa = PBXContainerItemProxy;
			containerPortal = 656D4CD31A48D9E200A999E5 /* Project object */;
			proxyType = 1;
			remoteGlobalIDString = 656D4CDA1A48D9E200A999E5;
			remoteInfo = APKet;
		};
/* End PBXContainerItemProxy section */

/* Begin PBXFileReference section */
		656D4CDB1A48D9E200A999E5 /* APKet.app */ = {isa = PBXFileReference; explicitFileType = wrapper.application; includeInIndex = 0; path = APKet.app; sourceTree = BUILT_PRODUCTS_DIR; };
		656D4CDF1A48D9E200A999E5 /* Info.plist */ = {isa = PBXFileReference; lastKnownFileType = text.plist.xml; path = Info.plist; sourceTree = "<group>"; };
		656D4CE01A48D9E200A999E5 /* AppDelegate.h */ = {isa = PBXFileReference; lastKnownFileType = sourcecode.c.h; path = AppDelegate.h; sourceTree = "<group>"; };
		656D4CE11A48D9E200A999E5 /* AppDelegate.m */ = {isa = PBXFileReference; lastKnownFileType = sourcecode.c.objc; path = AppDelegate.m; sourceTree = "<group>"; };
		656D4CE31A48D9E200A999E5 /* main.m */ = {isa = PBXFileReference; lastKnownFileType = sourcecode.c.objc; path = main.m; sourceTree = "<group>"; };
		656D4CE51A48D9E200A999E5 /* Images.xcassets */ = {isa = PBXFileReference; lastKnownFileType = folder.assetcatalog; path = Images.xcassets; sourceTree = "<group>"; };
		656D4CE81A48D9E300A999E5 /* Base */ = {isa = PBXFileReference; lastKnownFileType = file.xib; name = Base; path = Base.lproj/MainMenu.xib; sourceTree = "<group>"; };
		656D4CEE1A48D9E300A999E5 /* APKetTests.xctest */ = {isa = PBXFileReference; explicitFileType = wrapper.cfbundle; includeInIndex = 0; path = APKetTests.xctest; sourceTree = BUILT_PRODUCTS_DIR; };
		656D4CF31A48D9E300A999E5 /* Info.plist */ = {isa = PBXFileReference; lastKnownFileType = text.plist.xml; path = Info.plist; sourceTree = "<group>"; };
		656D4CF41A48D9E300A999E5 /* APKetTests.m */ = {isa = PBXFileReference; lastKnownFileType = sourcecode.c.objc; path = APKetTests.m; sourceTree = "<group>"; };
/* End PBXFileReference section */

/* Begin PBXFrameworksBuildPhase section */
		656D4CD81A48D9E200A999E5 /* Frameworks */ = {
			isa = PBXFrameworksBuildPhase;
			buildActionMask = 2147483647;
			files = (
			);
			runOnlyForDeploymentPostprocessing = 0;
		};
		656D4CEB1A48D9E300A999E5 /* Frameworks */ = {
			isa = PBXFrameworksBuildPhase;
			buildActionMask = 2147483647;
			files = (
			);
			runOnlyForDeploymentPostprocessing = 0;
		};
/* End PBXFrameworksBuildPhase section */

/* Begin PBXGroup section */
		656D4CD21A48D9E200A999E5 = {
			isa = PBXGroup;
			children = (
				656D4CDD1A48D9E200A999E5 /* APKet */,
				656D4CF11A48D9E300A999E5 /* APKetTests */,
				656D4CDC1A48D9E200A999E5 /* Products */,
			);
			sourceTree = "<group>";
		};
		656D4CDC1A48D9E200A999E5 /* Products */ = {
			isa = PBXGroup;
			children = (
				656D4CDB1A48D9E200A999E5 /* APKet.app */,
				656D4CEE1A48D9E300A999E5 /* APKetTests.xctest */,
			);
			name = Products;
			sourceTree = "<group>";
		};
		656D4CDD1A48D9E200A999E5 /* APKet */ = {
			isa = PBXGroup;
			children = (
				656D4CE01A48D9E200A999E5 /* AppDelegate.h */,
				656D4CE11A48D9E200A999E5 /* AppDelegate.m */,
				656D4CE51A48D9E200A999E5 /* Images.xcassets */,
				656D4CE71A48D9E300A999E5 /* MainMenu.xib */,
				656D4CDE1A48D9E200A999E5 /* Supporting Files */,
			);
			path = APKet;
			sourceTree = "<group>";
		};
		656D4CDE1A48D9E200A999E5 /* Supporting Files */ = {
			isa = PBXGroup;
			children = (
				656D4CDF1A48D9E200A999E5 /* Info.plist */,
				656D4CE31A48D9E200A999E5 /* main.m */,
			);
			name = "Supporting Files";
			sourceTree = "<group>";
		};
		656D4CF11A48D9E300A999E5 /* APKetTests */ = {
			isa = PBXGroup;
			children = (
				656D4CF41A48D9E300A999E5 /* APKetTests.m */,
				656D4CF21A48D9E300A999E5 /* Supporting Files */,
			);
			path = APKetTests;
			sourceTree = "<group>";
		};
		656D4CF21A48D9E300A999E5 /* Supporting Files */ = {
			isa = PBXGroup;
			children = (
				656D4CF31A48D9E300A999E5 /* Info.plist */,
			);
			name = "Supporting Files";
			sourceTree = "<group>";
		};
/* End PBXGroup section */

/* Begin PBXNativeTarget section */
		656D4CDA1A48D9E200A999E5 /* APKet */ = {
			isa = PBXNativeTarget;
			buildConfigurationList = 656D4CF81A48D9E300A999E5 /* Build configuration list for PBXNativeTarget "APKet" */;
			buildPhases = (
				656D4CD71A48D9E200A999E5 /* Sources */,
				656D4CD81A48D9E200A999E5 /* Frameworks */,
				656D4CD91A48D9E200A999E5 /* Resources */,
			);
			buildRules = (
			);
			dependencies = (
			);
			name = APKet;
			productName = APKet;
			productReference = 656D4CDB1A48D9E200A999E5 /* APKet.app */;
			productType = "com.apple.product-type.application";
		};
		656D4CED1A48D9E300A999E5 /* APKetTests */ = {
			isa = PBXNativeTarget;
			buildConfigurationList = 656D4CFB1A48D9E300A999E5 /* Build configuration list for PBXNativeTarget "APKetTests" */;
			buildPhases = (
				656D4CEA1A48D9E300A999E5 /* Sources */,
				656D4CEB1A48D9E300A999E5 /* Frameworks */,
				656D4CEC1A48D9E300A999E5 /* Resources */,
			);
			buildRules = (
			);
			dependencies = (
				656D4CF01A48D9E300A999E5 /* PBXTargetDependency */,
			);
			name = APKetTests;
			productName = APKetTests;
			productReference = 656D4CEE1A48D9E300A999E5 /* APKetTests.xctest */;
			productType = "com.apple.product-type.bundle.unit-test";
		};
/* End PBXNativeTarget section */

/* Begin PBXProject section */
		656D4CD31A48D9E200A999E5 /* Project object */ = {
			isa = PBXProject;
			attributes = {
				LastUpgradeCheck = 0610;
				ORGANIZATIONNAME = "Click On Tyler";
				TargetAttributes = {
					656D4CDA1A48D9E200A999E5 = {
						CreatedOnToolsVersion = 6.1.1;
					};
					656D4CED1A48D9E300A999E5 = {
						CreatedOnToolsVersion = 6.1.1;
						TestTargetID = 656D4CDA1A48D9E200A999E5;
					};
				};
			};
			buildConfigurationList = 656D4CD61A48D9E200A999E5 /* Build configuration list for PBXProject "APKet" */;
			compatibilityVersion = "Xcode 3.2";
			developmentRegion = English;
			hasScannedForEncodings = 0;
			knownRegions = (
				en,
				Base,
			);
			mainGroup = 656D4CD21A48D9E200A999E5;
			productRefGroup = 656D4CDC1A48D9E200A999E5 /* Products */;
			projectDirPath = "";
			projectRoot = "";
			targets = (
				656D4CDA1A48D9E200A999E5 /* APKet */,
				656D4CED1A48D9E300A999E5 /* APKetTests */,
			);
		};
/* End PBXProject section */

/* Begin PBXResourcesBuildPhase section */
		656D4CD91A48D9E200A999E5 /* Resources */ = {
			isa = PBXResourcesBuildPhase;
			buildActionMask = 2147483647;
			files = (
				656D4CE61A48D9E200A999E5 /* Images.xcassets in Resources */,
				656D4CE91A48D9E300A999E5 /* MainMenu.xib in Resources */,
			);
			runOnlyForDeploymentPostprocessing = 0;
		};
		656D4CEC1A48D9E300A999E5 /* Resources */ = {
			isa = PBXResourcesBuildPhase;
			buildActionMask = 2147483647;
			files = (
			);
			runOnlyForDeploymentPostprocessing = 0;
		};
/* End PBXResourcesBuildPhase section */

/* Begin PBXSourcesBuildPhase section */
		656D4CD71A48D9E200A999E5 /* Sources */ = {
			isa = PBXSourcesBuildPhase;
			buildActionMask = 2147483647;
			files = (
				656D4CE41A48D9E200A999E5 /* main.m in Sources */,
				656D4CE21A48D9E200A999E5 /* AppDelegate.m in Sources */,
			);
			runOnlyForDeploymentPostprocessing = 0;
		};
		656D4CEA1A48D9E300A999E5 /* Sources */ = {
			isa = PBXSourcesBuildPhase;
			buildActionMask = 2147483647;
			files = (
				656D4CF51A48D9E300A999E5 /* APKetTests.m in Sources */,
			);
			runOnlyForDeploymentPostprocessing = 0;
		};
/* End PBXSourcesBuildPhase section */

/* Begin PBXTargetDependency section */
		656D4CF01A48D9E300A999E5 /* PBXTargetDependency */ = {
			isa = PBXTargetDependency;
			target = 656D4CDA1A48D9E200A999E5 /* APKet */;
			targetProxy = 656D4CEF1A48D9E300A999E5 /* PBXContainerItemProxy */;
		};
/* End PBXTargetDependency section */

/* Begin PBXVariantGroup section */
		656D4CE71A48D9E300A999E5 /* MainMenu.xib */ = {
			isa = PBXVariantGroup;
			children = (
				656D4CE81A48D9E300A999E5 /* Base */,
			);
			name = MainMenu.xib;
			sourceTree = "<group>";
		};
/* End PBXVariantGroup section */

/* Begin XCBuildConfiguration section */
		656D4CF61A48D9E300A999E5 /* Debug */ = {
			isa = XCBuildConfiguration;
			buildSettings = {
				ALWAYS_SEARCH_USER_PATHS = NO;
				CLANG_CXX_LANGUAGE_STANDARD = "gnu++0x";
				CLANG_CXX_LIBRARY = "libc++";
				CLANG_ENABLE_MODULES = YES;
				CLANG_ENABLE_OBJC_ARC = YES;
				CLANG_WARN_BOOL_CONVERSION = YES;
				CLANG_WARN_CONSTANT_CONVERSION = YES;
				CLANG_WARN_DIRECT_OBJC_ISA_USAGE = YES_ERROR;
				CLANG_WARN_EMPTY_BODY = YES;
				CLANG_WARN_ENUM_CONVERSION = YES;
				CLANG_WARN_INT_CONVERSION = YES;
				CLANG_WARN_OBJC_ROOT_CLASS = YES_ERROR;
				CLANG_WARN_UNREACHABLE_CODE = YES;
				CLANG_WARN__DUPLICATE_METHOD_MATCH = YES;
				CODE_SIGN_IDENTITY = "-";
				COPY_PHASE_STRIP = NO;
				ENABLE_STRICT_OBJC_MSGSEND = YES;
				GCC_C_LANGUAGE_STANDARD = gnu99;
				GCC_DYNAMIC_NO_PIC = NO;
				GCC_OPTIMIZATION_LEVEL = 0;
				GCC_PREPROCESSOR_DEFINITIONS = (
					"DEBUG=1",
					"$(inherited)",
				);
				GCC_SYMBOLS_PRIVATE_EXTERN = NO;
				GCC_WARN_64_TO_32_BIT_CONVERSION = YES;
				GCC_WARN_ABOUT_RETURN_TYPE = YES_ERROR;
				GCC_WARN_UNDECLARED_SELECTOR = YES;
				GCC_WARN_UNINITIALIZED_AUTOS = YES_AGGRESSIVE;
				GCC_WARN_UNUSED_FUNCTION = YES;
				GCC_WARN_UNUSED_VARIABLE = YES;
				MACOSX_DEPLOYMENT_TARGET = 10.10;
				MTL_ENABLE_DEBUG_INFO = YES;
				ONLY_ACTIVE_ARCH = YES;
				SDKROOT = macosx;
			};
			name = Debug;
		};
		656D4CF71A48D9E300A999E5 /* Release */ = {
			isa = XCBuildConfiguration;
			buildSettings = {
				ALWAYS_SEARCH_USER_PATHS = NO;
				CLANG_CXX_LANGUAGE_STANDARD = "gnu++0x";
				CLANG_CXX_LIBRARY = "libc++";
				CLANG_ENABLE_MODULES = YES;
				CLANG_ENABLE_OBJC_ARC = YES;
				CLANG_WARN_BOOL_CONVERSION = YES;
				CLANG_WARN_CONSTANT_CONVERSION = YES;
				CLANG_WARN_DIRECT_OBJC_ISA_USAGE = YES_ERROR;
				CLANG_WARN_EMPTY_BODY = YES;
				CLANG_WARN_ENUM_CONVERSION = YES;
				CLANG_WARN_INT_CONVERSION = YES;
				CLANG_WARN_OBJC_ROOT_CLASS = YES_ERROR;
				CLANG_WARN_UNREACHABLE_CODE = YES;
				CLANG_WARN__DUPLICATE_METHOD_MATCH = YES;
				CODE_SIGN_IDENTITY = "-";
				COPY_PHASE_STRIP = YES;
				DEBUG_INFORMATION_FORMAT = "dwarf-with-dsym";
				ENABLE_NS_ASSERTIONS = NO;
				ENABLE_STRICT_OBJC_MSGSEND = YES;
				GCC_C_LANGUAGE_STANDARD = gnu99;
				GCC_WARN_64_TO_32_BIT_CONVERSION = YES;
				GCC_WARN_ABOUT_RETURN_TYPE = YES_ERROR;
				GCC_WARN_UNDECLARED_SELECTOR = YES;
				GCC_WARN_UNINITIALIZED_AUTOS = YES_AGGRESSIVE;
				GCC_WARN_UNUSED_FUNCTION = YES;
				GCC_WARN_UNUSED_VARIABLE = YES;
				MACOSX_DEPLOYMENT_TARGET = 10.10;
				MTL_ENABLE_DEBUG_INFO = NO;
				SDKROOT = macosx;
			};
			name = Release;
		};
		656D4CF91A48D9E300A999E5 /* Debug */ = {
			isa = XCBuildConfiguration;
			buildSettings = {
				ARCHS = "$(ARCHS_STANDARD)";
				ASSETCATALOG_COMPILER_APPICON_NAME = AppIcon;
				COMBINE_HIDPI_IMAGES = YES;
				INFOPLIST_FILE = APKet/Info.plist;
				LD_RUNPATH_SEARCH_PATHS = "$(inherited) @executable_path/../Frameworks";
				OTHER_LDFLAGS = "-lcrypto";
				PRODUCT_NAME = "$(TARGET_NAME)";
				SDKROOT = macosx10.10;
			};
			name = Debug;
		};
		656D4CFA1A48D9E300A999E5 /* Release */ = {
			isa = XCBuildConfiguration;
			buildSettings = {
				ARCHS = "$(ARCHS_STANDARD)";
				ASSETCATALOG_COMPILER_APPICON_NAME = AppIcon;
				COMBINE_HIDPI_IMAGES = YES;
				INFOPLIST_FILE = APKet/Info.plist;
				LD_RUNPATH_SEARCH_PATHS = "$(inherited) @executable_path/../Frameworks";
				OTHER_LDFLAGS = "-lcrypto";
				PRODUCT_NAME = "$(TARGET_NAME)";
				SDKROOT = macosx10.10;
			};
			name = Release;
		};
		656D4CFC1A48D9E300A999E5 /* Debug */ = {
			isa = XCBuildConfiguration;
			buildSettings = {
				BUNDLE_LOADER = "$(TEST_HOST)";
				COMBINE_HIDPI_IMAGES = YES;
				FRAMEWORK_SEARCH_PATHS = (
					"$(DEVELOPER_FRAMEWORKS_DIR)",
					"$(inherited)",
				);
				GCC_PREPROCESSOR_DEFINITIONS = (
					"DEBUG=1",
					"$(inherited)",
				);
				INFOPLIST_FILE = APKetTests/Info.plist;
				LD_RUNPATH_SEARCH_PATHS = "$(inherited) @executable_path/../Frameworks @loader_path/../Frameworks";
				PRODUCT_NAME = "$(TARGET_NAME)";
				TEST_HOST = "$(BUILT_PRODUCTS_DIR)/APKet.app/Contents/MacOS/APKet";
			};
			name = Debug;
		};
		656D4CFD1A48D9E300A999E5 /* Release */ = {
			isa = XCBuildConfiguration;
			buildSettings = {
				BUNDLE_LOADER = "$(TEST_HOST)";
				COMBINE_HIDPI_IMAGES = YES;
				FRAMEWORK_SEARCH_PATHS = (
					"$(DEVELOPER_FRAMEWORKS_DIR)",
					"$(inherited)",
				);
				INFOPLIST_FILE = APKetTests/Info.plist;
				LD_RUNPATH_SEARCH_PATHS = "$(inherited) @executable_path/../Frameworks @loader_path/../Frameworks";
				PRODUCT_NAME = "$(TARGET_NAME)";
				TEST_HOST = "$(BUILT_PRODUCTS_DIR)/APKet.app/Contents/MacOS/APKet";
			};
			name = Release;
		};
/* End XCBuildConfiguration section */

/* Begin XCConfigurationList section */
		656D4CD61A48D9E200A999E5 /* Build configuration list for PBXProject "APKet" */ = {
			isa = XCConfigurationList;
			buildConfigurations = (
				656D4CF61A48D9E300A999E5 /* Debug */,
				656D4CF71A48D9E300A999E5 /* Release */,
			);
			defaultConfigurationIsVisible = 0;
			defaultConfigurationName = Release;
		};
		656D4CF81A48D9E300A999E5 /* Build configuration list for PBXNativeTarget "APKet" */ = {
			isa = XCConfigurationList;
			buildConfigurations = (
				656D4CF91A48D9E300A999E5 /* Debug */,
				656D4CFA1A48D9E300A999E5 /* Release */,
			);
			defaultConfigurationIsVisible = 0;
			defaultConfigurationName = Release;
		};
		656D4CFB1A48D9E300A999E5 /* Build configuration list for PBXNativeTarget "APKetTests" */ = {
			isa = XCConfigurationList;
			buildConfigurations = (
				656D4CFC1A48D9E300A999E5 /* Debug */,
				656D4CFD1A48D9E300A999E5 /* Release */,
			);
			defaultConfigurationIsVisible = 0;
			defaultConfigurationName = Release;
		};
/* End XCConfigurationList section */
	};
	rootObject = 656D4CD31A48D9E200A999E5 /* Project object */;
}
